
Microsoft Visual Studio Solution File, Format Version 12.00
# Visual Studio Version 17
VisualStudioVersion = 17.4.33122.133
MinimumVisualStudioVersion = 10.0.40219.1
Project("{FAE04EC0-301F-11D3-BF4B-00C04F79EFBC}") = "rpg", "rpg.csproj", "{62A837B8-6150-4B1C-AE40-32F0781D4D60}"
EndProject
Global
	GlobalSection(SolutionConfigurationPlatforms) = preSolution
		Debug|Any CPU = Debug|Any CPU
		Release|Any CPU = Release|Any CPU
	EndGlobalSection
	GlobalSection(ProjectConfigurationPlatforms) = postSolution
		{62A837B8-6150-4B1C-AE40-32F0781D4D60}.Debug|Any CPU.ActiveCfg = Debug|Any CPU
		{62A837B8-6150-4B1C-AE40-32F0781D4D60}.Debug|Any CPU.Build.0 = Debug|Any CPU
		{62A837B8-6150-4B1C-AE40-32F0781D4D60}.Release|Any CPU.ActiveCfg = Release|Any CPU
		{62A837B8-6150-4B1C-AE40-32F0781D4D60}.Release|Any CPU.Build.0 = Release|Any CPU
	EndGlobalSection
	GlobalSection(SolutionProperties) = preSolution
		HideSolutionNode = FALSE
	EndGlobalSection
	GlobalSection(ExtensibilityGlobals) = postSolution
		SolutionGuid = {1B2366B3-D9B3-456E-A9F6-A114325CDCDF}
	EndGlobalSection
EndGlobal
